
Microsoft Visual Studio Solution File, Format Version 12.00
# Visual Studio Version 16
VisualStudioVersion = 16.0.30011.22
MinimumVisualStudioVersion = 10.0.40219.1
Project("{FAE04EC0-301F-11D3-BF4B-00C04F79EFBC}") = "shoutDowwnTimer", "shoutDowwnTimer.csproj", "{D929D9BC-36DB-456B-BA1A-0AAF72531081}"
EndProject
Global
	GlobalSection(SolutionConfigurationPlatforms) = preSolution
		Debug|Any CPU = Debug|Any CPU
		Release|Any CPU = Release|Any CPU
	EndGlobalSection
	GlobalSection(ProjectConfigurationPlatforms) = postSolution
		{D929D9BC-36DB-456B-BA1A-0AAF72531081}.Debug|Any CPU.ActiveCfg = Debug|Any CPU
		{D929D9BC-36DB-456B-BA1A-0AAF72531081}.Debug|Any CPU.Build.0 = Debug|Any CPU
		{D929D9BC-36DB-456B-BA1A-0AAF72531081}.Release|Any CPU.ActiveCfg = Release|Any CPU
		{D929D9BC-36DB-456B-BA1A-0AAF72531081}.Release|Any CPU.Build.0 = Release|Any CPU
	EndGlobalSection
	GlobalSection(SolutionProperties) = preSolution
		HideSolutionNode = FALSE
	EndGlobalSection
	GlobalSection(ExtensibilityGlobals) = postSolution
		SolutionGuid = {F1F0CA95-9A27-4953-8174-34D8360AA2B6}
	EndGlobalSection
EndGlobal
